{
  "version": 1,
  "dependencies": {
    "net10.0-windows10.0.26100": {
      "Microsoft.Windows.SDK.BuildTools": {
        "type": "Direct",
        "requested": "[10.0.28000.2526, )",
        "resolved": "10.0.28000.2526",
        "contentHash": "voeXXRC5EKuvnUCkPxkEhCbNuv/FM1RzjCQ3lj58Ju5AlVzh/9Lg+a7hqy57mh/00BH/9YNZCJRUjIZJrzTJ4w=="
      },
      "Microsoft.Windows.SDK.BuildTools.WinApp": {
        "type": "Direct",
        "requested": "[0.5.0, )",
        "resolved": "0.5.0",
        "contentHash": "zASqHuAUp38P+ZKLc3h/ERiTQgbDnxDn6vBDLMw3aYynDJ8p6y+e5esKXLQcyDnMwXj2QIDgwAy+Lw3vdMh+qw=="
      },
      "Microsoft.WindowsAppSDK.Foundation": {
        "type": "Direct",
        "requested": "[2.3.5, )",
        "resolved": "2.3.5",
        "contentHash": "Ke/HAoFLq1kgMPUn6UrNNBy5kcuHCJK/SvHep0m4FY1YoDGz9XUDnucDmCMSUxuGnxtI65Uq5UfmLc3eS31Ovg==",
        "dependencies": {
          "Microsoft.WindowsAppSDK.Base": "2.0.4",
          "Microsoft.WindowsAppSDK.InteractiveExperiences": "2.1.1"
        }
      },
      "Microsoft.WindowsAppSDK.InteractiveExperiences": {
        "type": "Direct",
        "requested": "[2.1.3, )",
        "resolved": "2.1.3",
        "contentHash": "2GwSpAWidRKZiGX0yeJ9SxjdgPYMpZXRaHbiss3rC4FglFYSpF/wmhW5axX2zJ/NP2e4LOoOiPtw1W4YRyQiFg==",
        "dependencies": {
          "Microsoft.WindowsAppSDK.Base": "2.0.4"
        }
      },
      "Microsoft.WindowsAppSDK.WinUI": {
        "type": "Direct",
        "requested": "[2.3.0, )",
        "resolved": "2.3.0",
        "contentHash": "NtE5frGZttAnMTl0YOCg3fKt6HrwGuB0rgoYCfP3se5xJToIpGreDYrUiVc3CeMmvnyptjTbwMt/41XWf8qMOQ==",
        "dependencies": {
          "Microsoft.Web.WebView2": "1.0.3719.77",
          "Microsoft.WindowsAppSDK.Base": "2.0.4",
          "Microsoft.WindowsAppSDK.Foundation": "2.3.1",
          "Microsoft.WindowsAppSDK.InteractiveExperiences": "2.0.16-stable-Rolling.20260605.2"
        }
      },
      "Microsoft.Web.WebView2": {
        "type": "Transitive",
        "resolved": "1.0.3719.77",
        "contentHash": "t+ucyKw5NTwMjsUrDF6R9Lk40lpcKQD1/HgyGFxl49tdA4h9dKlsj6FYGEmDRpFNfnTpENuTypMcdbrlkqBdDA=="
      },
      "Microsoft.Windows.SDK.BuildTools.MSIX": {
        "type": "Transitive",
        "resolved": "1.7.251221100",
        "contentHash": "f4aIZJ0NUth2403oxrpR+9rxVzZVI6dabqB21u8ncnk8eJAKCs9m77E4iYAnvP1YwrRe4axz3f8+yUcttNSfEA=="
      },
      "Microsoft.WindowsAppSDK.Base": {
        "type": "Transitive",
        "resolved": "2.0.4",
        "contentHash": "QXSy2llX2/Bx9dYWGUEsb10F40q94ZiDnPMzqa2/qRmTG4y9EXxGp6uHITb7c0b4FCa+6KFBlgh6D53M0QEMEg==",
        "dependencies": {
          "Microsoft.Windows.SDK.BuildTools": "10.0.26100.4654",
          "Microsoft.Windows.SDK.BuildTools.MSIX": "1.7.251221100"
        }
      }
    },
    "net10.0-windows10.0.26100/win-x64": {
      "Microsoft.WindowsAppSDK.Foundation": {
        "type": "Direct",
        "requested": "[2.3.5, )",
        "resolved": "2.3.5",
        "contentHash": "Ke/HAoFLq1kgMPUn6UrNNBy5kcuHCJK/SvHep0m4FY1YoDGz9XUDnucDmCMSUxuGnxtI65Uq5UfmLc3eS31Ovg==",
        "dependencies": {
          "Microsoft.WindowsAppSDK.Base": "2.0.4",
          "Microsoft.WindowsAppSDK.InteractiveExperiences": "2.1.1"
        }
      },
      "Microsoft.Web.WebView2": {
        "type": "Transitive",
        "resolved": "1.0.3719.77",
        "contentHash": "t+ucyKw5NTwMjsUrDF6R9Lk40lpcKQD1/HgyGFxl49tdA4h9dKlsj6FYGEmDRpFNfnTpENuTypMcdbrlkqBdDA=="
      }
    }
  }
}